{
  "version": "4",
  "specifiers": {
    "jsr:@deno/cache-dir@0.13.2": "0.13.2",
    "jsr:@deno/emit@*": "0.46.0",
    "jsr:@oak/commons@1": "1.0.0",
    "jsr:@oak/oak@*": "17.1.3",
    "jsr:@std/assert@0.223": "0.223.0",
    "jsr:@std/assert@1": "1.0.8",
    "jsr:@std/bytes@0.223": "0.223.0",
    "jsr:@std/bytes@1": "1.0.4",
    "jsr:@std/bytes@^1.0.2": "1.0.4",
    "jsr:@std/cli@*": "1.0.7",
    "jsr:@std/crypto@1": "1.0.3",
    "jsr:@std/encoding@1": "1.0.5",
    "jsr:@std/encoding@^1.0.5": "1.0.5",
    "jsr:@std/fmt@*": "1.0.3",
    "jsr:@std/fmt@0.223": "0.223.0",
    "jsr:@std/fs@*": "1.0.6",
    "jsr:@std/fs@0.223": "0.223.0",
    "jsr:@std/http@1": "1.0.11",
    "jsr:@std/io@0.223": "0.223.0",
    "jsr:@std/io@0.224": "0.224.9",
    "jsr:@std/media-types@1": "1.1.0",
    "jsr:@std/path@*": "1.0.8",
    "jsr:@std/path@0.223": "0.223.0",
    "jsr:@std/path@1": "1.0.8",
    "jsr:@std/path@^1.0.8": "1.0.8",
    "npm:@rollup/plugin-swc@0.4.0": "0.4.0_@swc+core@1.9.3_rollup@2.79.2",
    "npm:@swc/core@1.9.3": "1.9.3",
    "npm:@wwa/rollup-plugin-terser@1.1.2": "1.1.2_rollup@2.79.2",
    "npm:path-to-regexp@6.2.1": "6.2.1",
    "npm:rollup@2.79.2": "2.79.2"
  },
  "jsr": {
    "@deno/cache-dir@0.13.2": {
      "integrity": "c22419dfe27ab85f345bee487aaaadba498b005cce3644e9d2528db035c5454d",
      "dependencies": [
        "jsr:@std/fmt@0.223",
        "jsr:@std/fs@0.223",
        "jsr:@std/io@0.223",
        "jsr:@std/path@0.223"
      ]
    },
    "@deno/emit@0.46.0": {
      "integrity": "e276be2c77bac1b93caf775762e2a49a54cb00da2d48ca2b01ed8d7cba9d082c",
      "dependencies": [
        "jsr:@deno/cache-dir",
        "jsr:@std/path@0.223"
      ]
    },
    "@oak/commons@1.0.0": {
      "integrity": "49805b55603c3627a9d6235c0655aa2b6222d3036b3a13ff0380c16368f607ac",
      "dependencies": [
        "jsr:@std/assert@1",
        "jsr:@std/bytes@1",
        "jsr:@std/crypto",
        "jsr:@std/encoding@1",
        "jsr:@std/http",
        "jsr:@std/media-types"
      ]
    },
    "@oak/oak@17.1.3": {
      "integrity": "d89296c22db91681dd3a2a1e1fd14e258d0d5a9654de55637aee5b661c159f33",
      "dependencies": [
        "jsr:@oak/commons",
        "jsr:@std/assert@1",
        "jsr:@std/bytes@1",
        "jsr:@std/crypto",
        "jsr:@std/http",
        "jsr:@std/io@0.224",
        "jsr:@std/media-types",
        "jsr:@std/path@1",
        "npm:path-to-regexp"
      ]
    },
    "@std/assert@0.223.0": {
      "integrity": "eb8d6d879d76e1cc431205bd346ed4d88dc051c6366365b1af47034b0670be24"
    },
    "@std/assert@1.0.8": {
      "integrity": "ebe0bd7eb488ee39686f77003992f389a06c3da1bbd8022184804852b2fa641b"
    },
    "@std/bytes@0.223.0": {
      "integrity": "84b75052cd8680942c397c2631318772b295019098f40aac5c36cead4cba51a8"
    },
    "@std/bytes@1.0.4": {
      "integrity": "11a0debe522707c95c7b7ef89b478c13fb1583a7cfb9a85674cd2cc2e3a28abc"
    },
    "@std/cli@1.0.7": {
      "integrity": "98359df9df586a69015ba570305183b0cb9e7d53c05ea2016ef9a3e77e82c7cd"
    },
    "@std/crypto@1.0.3": {
      "integrity": "a2a32f51ddef632d299e3879cd027c630dcd4d1d9a5285d6e6788072f4e51e7f"
    },
    "@std/encoding@1.0.5": {
      "integrity": "ecf363d4fc25bd85bd915ff6733a7e79b67e0e7806334af15f4645c569fefc04"
    },
    "@std/fmt@0.223.0": {
      "integrity": "6deb37794127dfc7d7bded2586b9fc6f5d50e62a8134846608baf71ffc1a5208"
    },
    "@std/fmt@1.0.3": {
      "integrity": "97765c16aa32245ff4e2204ecf7d8562496a3cb8592340a80e7e554e0bb9149f"
    },
    "@std/fs@0.223.0": {
      "integrity": "3b4b0550b2c524cbaaa5a9170c90e96cbb7354e837ad1bdaf15fc9df1ae9c31c"
    },
    "@std/fs@1.0.6": {
      "integrity": "42b56e1e41b75583a21d5a37f6a6a27de9f510bcd36c0c85791d685ca0b85fa2",
      "dependencies": [
        "jsr:@std/path@^1.0.8"
      ]
    },
    "@std/http@1.0.11": {
      "integrity": "f1928e69e7dcf1664e22d153934cb866bf31e1bbe4bc59f8ac1b4d0e98cb7558",
      "dependencies": [
        "jsr:@std/encoding@^1.0.5"
      ]
    },
    "@std/io@0.223.0": {
      "integrity": "2d8c3c2ab3a515619b90da2c6ff5ea7b75a94383259ef4d02116b228393f84f1",
      "dependencies": [
        "jsr:@std/assert@0.223",
        "jsr:@std/bytes@0.223"
      ]
    },
    "@std/io@0.224.9": {
      "integrity": "4414664b6926f665102e73c969cfda06d2c4c59bd5d0c603fd4f1b1c840d6ee3",
      "dependencies": [
        "jsr:@std/bytes@^1.0.2"
      ]
    },
    "@std/media-types@1.1.0": {
      "integrity": "c9d093f0c05c3512932b330e3cc1fe1d627b301db33a4c2c2185c02471d6eaa4"
    },
    "@std/path@0.223.0": {
      "integrity": "593963402d7e6597f5a6e620931661053572c982fc014000459edc1f93cc3989",
      "dependencies": [
        "jsr:@std/assert@0.223"
      ]
    },
    "@std/path@1.0.8": {
      "integrity": "548fa456bb6a04d3c1a1e7477986b6cffbce95102d0bb447c67c4ee70e0364be"
    }
  },
  "npm": {
    "@babel/code-frame@7.26.2": {
      "integrity": "sha512-RJlIHRueQgwWitWgF8OdFYGZX328Ax5BCemNGlqHfplnRT9ESi8JkFlvaVYbS+UubVY6dpv87Fs2u5M29iNFVQ==",
      "dependencies": [
        "@babel/helper-validator-identifier",
        "js-tokens",
        "picocolors"
      ]
    },
    "@babel/helper-validator-identifier@7.25.9": {
      "integrity": "sha512-Ed61U6XJc3CVRfkERJWDz4dJwKe7iLmmJsbOGu9wSloNSFttHV0I8g6UAgb7qnK5ly5bGLPd4oXZlxCdANBOWQ=="
    },
    "@jridgewell/gen-mapping@0.3.5": {
      "integrity": "sha512-IzL8ZoEDIBRWEzlCcRhOaCupYyN5gdIK+Q6fbFdPDg6HqX6jpkItn7DFIpW9LQzXG6Df9sA7+OKnq0qlz/GaQg==",
      "dependencies": [
        "@jridgewell/set-array",
        "@jridgewell/sourcemap-codec",
        "@jridgewell/trace-mapping"
      ]
    },
    "@jridgewell/resolve-uri@3.1.2": {
      "integrity": "sha512-bRISgCIjP20/tbWSPWMEi54QVPRZExkuD9lJL+UIxUKtwVJA8wW1Trb1jMs1RFXo1CBTNZ/5hpC9QvmKWdopKw=="
    },
    "@jridgewell/set-array@1.2.1": {
      "integrity": "sha512-R8gLRTZeyp03ymzP/6Lil/28tGeGEzhx1q2k703KGWRAI1VdvPIXdG70VJc2pAMw3NA6JKL5hhFu1sJX0Mnn/A=="
    },
    "@jridgewell/source-map@0.3.6": {
      "integrity": "sha512-1ZJTZebgqllO79ue2bm3rIGud/bOe0pP5BjSRCRxxYkEZS8STV7zN84UBbiYu7jy+eCKSnVIUgoWWE/tt+shMQ==",
      "dependencies": [
        "@jridgewell/gen-mapping",
        "@jridgewell/trace-mapping"
      ]
    },
    "@jridgewell/sourcemap-codec@1.5.0": {
      "integrity": "sha512-gv3ZRaISU3fjPAgNsriBRqGWQL6quFx04YMPW/zD8XMLsU32mhCCbfbO6KZFLjvYpCZ8zyDEgqsgf+PwPaM7GQ=="
    },
    "@jridgewell/trace-mapping@0.3.25": {
      "integrity": "sha512-vNk6aEwybGtawWmy/PzwnGDOjCkLWSD2wqvjGGAgOAwCGWySYXfYoxt00IJkTF+8Lb57DwOb3Aa0o9CApepiYQ==",
      "dependencies": [
        "@jridgewell/resolve-uri",
        "@jridgewell/sourcemap-codec"
      ]
    },
    "@rollup/plugin-swc@0.4.0_@swc+core@1.9.3_rollup@2.79.2": {
      "integrity": "sha512-oAtqXa8rOl7BOK1Rz3rRxI+LIL53S9SqO2KSq2UUUzWgOgXg6492Jh5mL2mv/f9cpit8zFWdwILuVeozZ0C8mg==",
      "dependencies": [
        "@rollup/pluginutils",
        "@swc/core",
        "smob"
      ]
    },
    "@rollup/pluginutils@5.1.3_rollup@2.79.2": {
      "integrity": "sha512-Pnsb6f32CD2W3uCaLZIzDmeFyQ2b8UWMFI7xtwUezpcGBDVDW6y9XgAWIlARiGAo6eNF5FK5aQTr0LFyNyqq5A==",
      "dependencies": [
        "@types/estree",
        "estree-walker",
        "picomatch",
        "rollup"
      ]
    },
    "@swc/core-darwin-arm64@1.9.3": {
      "integrity": "sha512-hGfl/KTic/QY4tB9DkTbNuxy5cV4IeejpPD4zo+Lzt4iLlDWIeANL4Fkg67FiVceNJboqg48CUX+APhDHO5G1w=="
    },
    "@swc/core-darwin-x64@1.9.3": {
      "integrity": "sha512-IaRq05ZLdtgF5h9CzlcgaNHyg4VXuiStnOFpfNEMuI5fm5afP2S0FHq8WdakUz5WppsbddTdplL+vpeApt/WCQ=="
    },
    "@swc/core-linux-arm-gnueabihf@1.9.3": {
      "integrity": "sha512-Pbwe7xYprj/nEnZrNBvZfjnTxlBIcfApAGdz2EROhjpPj+FBqBa3wOogqbsuGGBdCphf8S+KPprL1z+oDWkmSQ=="
    },
    "@swc/core-linux-arm64-gnu@1.9.3": {
      "integrity": "sha512-AQ5JZiwNGVV/2K2TVulg0mw/3LYfqpjZO6jDPtR2evNbk9Yt57YsVzS+3vHSlUBQDRV9/jqMuZYVU3P13xrk+g=="
    },
    "@swc/core-linux-arm64-musl@1.9.3": {
      "integrity": "sha512-tzVH480RY6RbMl/QRgh5HK3zn1ZTFsThuxDGo6Iuk1MdwIbdFYUY034heWUTI4u3Db97ArKh0hNL0xhO3+PZdg=="
    },
    "@swc/core-linux-x64-gnu@1.9.3": {
      "integrity": "sha512-ivXXBRDXDc9k4cdv10R21ccBmGebVOwKXT/UdH1PhxUn9m/h8erAWjz5pcELwjiMf27WokqPgaWVfaclDbgE+w=="
    },
    "@swc/core-linux-x64-musl@1.9.3": {
      "integrity": "sha512-ILsGMgfnOz1HwdDz+ZgEuomIwkP1PHT6maigZxaCIuC6OPEhKE8uYna22uU63XvYcLQvZYDzpR3ms47WQPuNEg=="
    },
    "@swc/core-win32-arm64-msvc@1.9.3": {
      "integrity": "sha512-e+XmltDVIHieUnNJHtspn6B+PCcFOMYXNJB1GqoCcyinkEIQNwC8KtWgMqUucUbEWJkPc35NHy9k8aCXRmw9Kg=="
    },
    "@swc/core-win32-ia32-msvc@1.9.3": {
      "integrity": "sha512-rqpzNfpAooSL4UfQnHhkW8aL+oyjqJniDP0qwZfGnjDoJSbtPysHg2LpcOBEdSnEH+uIZq6J96qf0ZFD8AGfXA=="
    },
    "@swc/core-win32-x64-msvc@1.9.3": {
      "integrity": "sha512-3YJJLQ5suIEHEKc1GHtqVq475guiyqisKSoUnoaRtxkDaW5g1yvPt9IoSLOe2mRs7+FFhGGU693RsBUSwOXSdQ=="
    },
    "@swc/core@1.9.3": {
      "integrity": "sha512-oRj0AFePUhtatX+BscVhnzaAmWjpfAeySpM1TCbxA1rtBDeH/JDhi5yYzAKneDYtVtBvA7ApfeuzhMC9ye4xSg==",
      "dependencies": [
        "@swc/core-darwin-arm64",
        "@swc/core-darwin-x64",
        "@swc/core-linux-arm-gnueabihf",
        "@swc/core-linux-arm64-gnu",
        "@swc/core-linux-arm64-musl",
        "@swc/core-linux-x64-gnu",
        "@swc/core-linux-x64-musl",
        "@swc/core-win32-arm64-msvc",
        "@swc/core-win32-ia32-msvc",
        "@swc/core-win32-x64-msvc",
        "@swc/counter",
        "@swc/types"
      ]
    },
    "@swc/counter@0.1.3": {
      "integrity": "sha512-e2BR4lsJkkRlKZ/qCHPw9ZaSxc0MVUd7gtbtaB7aMvHeJVYe8sOB8DBZkP2DtISHGSku9sCK6T6cnY0CtXrOCQ=="
    },
    "@swc/types@0.1.17": {
      "integrity": "sha512-V5gRru+aD8YVyCOMAjMpWR1Ui577DD5KSJsHP8RAxopAH22jFz6GZd/qxqjO6MJHQhcsjvjOFXyDhyLQUnMveQ==",
      "dependencies": [
        "@swc/counter"
      ]
    },
    "@types/estree@1.0.6": {
      "integrity": "sha512-AYnb1nQyY49te+VRAVgmzfcgjYS91mY5P0TKUDCLEM+gNnA+3T6rWITXRLYCpahpqSQbN5cE+gHpnPyXjHWxcw=="
    },
    "@wwa/rollup-plugin-terser@1.1.2_rollup@2.79.2": {
      "integrity": "sha512-meeJ8V3E60aiQn2lTvne8HHrDigi6veK/0dRK1TcdZd6WrxAJznt+EzpOpGWucjRTQ6ycFeNNYhWk2TfdJbBvg==",
      "dependencies": [
        "@babel/code-frame",
        "rollup",
        "terser"
      ]
    },
    "acorn@8.14.0": {
      "integrity": "sha512-cl669nCJTZBsL97OF4kUQm5g5hC2uihk0NxY3WENAC0TYdILVkAyHymAntgxGkl7K+t0cXIrH5siy5S4XkFycA=="
    },
    "buffer-from@1.1.2": {
      "integrity": "sha512-E+XQCRwSbaaiChtv6k6Dwgc+bx+Bs6vuKJHHl5kox/BaKbhiXzqQOwK4cO22yElGp2OCmjwVhT3HmxgyPGnJfQ=="
    },
    "commander@2.20.3": {
      "integrity": "sha512-GpVkmM8vF2vQUkj2LvZmD35JxeJOLCwJ9cUkugyk2nuhbv3+mJvpLYYt+0+USMxE+oj+ey/lJEnhZw75x/OMcQ=="
    },
    "estree-walker@2.0.2": {
      "integrity": "sha512-Rfkk/Mp/DL7JVje3u18FxFujQlTNR2q6QfMSMB7AvCBx91NGj/ba3kCfza0f6dVDbw7YlRf/nDrn7pQrCCyQ/w=="
    },
    "fsevents@2.3.3": {
      "integrity": "sha512-5xoDfX+fL7faATnagmWPpbFtwh/R77WmMMqqHGS65C3vvB0YHrgF+B1YmZ3441tMj5n63k0212XNoJwzlhffQw=="
    },
    "js-tokens@4.0.0": {
      "integrity": "sha512-RdJUflcE3cUzKiMqQgsCu06FPu9UdIJO0beYbPhHN4k6apgJtifcoCtT9bcxOpYBtpD2kCM6Sbzg4CausW/PKQ=="
    },
    "path-to-regexp@6.2.1": {
      "integrity": "sha512-JLyh7xT1kizaEvcaXOQwOc2/Yhw6KZOvPf1S8401UyLk86CU79LN3vl7ztXGm/pZ+YjoyAJ4rxmHwbkBXJX+yw=="
    },
    "picocolors@1.1.1": {
      "integrity": "sha512-xceH2snhtb5M9liqDsmEw56le376mTZkEX/jEb/RxNFyegNul7eNslCXP9FDj/Lcu0X8KEyMceP2ntpaHrDEVA=="
    },
    "picomatch@4.0.2": {
      "integrity": "sha512-M7BAV6Rlcy5u+m6oPhAPFgJTzAioX/6B0DxyvDlo9l8+T3nLKbrczg2WLUyzd45L8RqfUMyGPzekbMvX2Ldkwg=="
    },
    "rollup@2.79.2": {
      "integrity": "sha512-fS6iqSPZDs3dr/y7Od6y5nha8dW1YnbgtsyotCVvoFGKbERG++CVRFv1meyGDE1SNItQA8BrnCw7ScdAhRJ3XQ==",
      "dependencies": [
        "fsevents"
      ]
    },
    "smob@1.5.0": {
      "integrity": "sha512-g6T+p7QO8npa+/hNx9ohv1E5pVCmWrVCUzUXJyLdMmftX6ER0oiWY/w9knEonLpnOp6b6FenKnMfR8gqwWdwig=="
    },
    "source-map-support@0.5.21": {
      "integrity": "sha512-uBHU3L3czsIyYXKX88fdrGovxdSCoTGDRZ6SYXtSRxLZUzHg5P/66Ht6uoUlHu9EZod+inXhKo3qQgwXUT/y1w==",
      "dependencies": [
        "buffer-from",
        "source-map"
      ]
    },
    "source-map@0.6.1": {
      "integrity": "sha512-UjgapumWlbMhkBgzT7Ykc5YXUT46F0iKu8SGXq0bcwP5dz/h0Plj6enJqjz1Zbq2l5WaqYnrVbwWOWMyF3F47g=="
    },
    "terser@5.36.0": {
      "integrity": "sha512-IYV9eNMuFAV4THUspIRXkLakHnV6XO7FEdtKjf/mDyrnqUg9LnlOn6/RwRvM9SZjR4GUq8Nk8zj67FzVARr74w==",
      "dependencies": [
        "@jridgewell/source-map",
        "acorn",
        "commander",
        "source-map-support"
      ]
    }
  },
  "workspace": {
    "dependencies": [
      "npm:@rollup/plugin-swc@0.4.0",
      "npm:@swc/core@1.9.3",
      "npm:@wwa/rollup-plugin-terser@1.1.2",
      "npm:rollup@2.79.2"
    ]
  }
}
